{
  "name": "graphql-getting-started",
  "version": "1.0.0",
  "lockfileVersion": 1,
  "requires": true,
  "dependencies": {
    "graphql": {
      "version": "0.10.5",
      "resolved": "https://registry.npmjs.org/graphql/-/graphql-0.10.5.tgz",
      "integrity": "sha512-Q7cx22DiLhwHsEfUnUip1Ww/Vfx7FS0w6+iHItNuN61+XpegHSa3k5U0+6M5BcpavQImBwFiy0z3uYwY7cXMLQ==",
      "requires": {
        "iterall": "1.1.1"
      }
    },
    "iterall": {
      "version": "1.1.1",
      "resolved": "https://registry.npmjs.org/iterall/-/iterall-1.1.1.tgz",
      "integrity": "sha1-9/CvEemgTsZCYmD1AZ2fzKTVAhQ="
    }
  }
}
